PODS:
  - BMEBorderlessSegmentedControl (0.1.0)

DEPENDENCIES:
  - BMEBorderlessSegmentedControl (from `../BMEBorderlessSegmentedControl.podspec`)

EXTERNAL SOURCES:
  BMEBorderlessSegmentedControl:
    :path: ../BMEBorderlessSegmentedControl.podspec

SPEC CHECKSUMS:
  BMEBorderlessSegmentedControl: 37e0b410ae5deb0992f1bc8888cbf14d859d5aa6

COCOAPODS: 0.29.0
