PODS:
  - RPBorderlessSegmentedControl (0.1.0)

DEPENDENCIES:
  - RPBorderlessSegmentedControl (from `../RPBorderlessSegmentedControl.podspec`)

EXTERNAL SOURCES:
  RPBorderlessSegmentedControl:
    :path: ../RPBorderlessSegmentedControl.podspec

SPEC CHECKSUMS:
  RPBorderlessSegmentedControl: c1d123908db5352052d757edc2c7beea2a42751a

COCOAPODS: 0.31.1
