PODS:
  - RPBorderlessSegmentedControl (1.0.0)

DEPENDENCIES:
  - RPBorderlessSegmentedControl (from `../RPBorderlessSegmentedControl.podspec`)

EXTERNAL SOURCES:
  RPBorderlessSegmentedControl:
    :path: ../RPBorderlessSegmentedControl.podspec

SPEC CHECKSUMS:
  RPBorderlessSegmentedControl: 9610eaae1b148b5bc91b2d588eb9811a764b1f52

COCOAPODS: 0.32.1
